
Microsoft Visual Studio Solution File, Format Version 12.00
# Visual Studio 15
VisualStudioVersion = 15.0.27703.2035
MinimumVisualStudioVersion = 10.0.40219.1
Project("{FAE04EC0-301F-11D3-BF4B-00C04F79EFBC}") = "Fiap07.Web.MVC", "Fiap07.Web.MVC\Fiap07.Web.MVC.csproj", "{5240CF7C-24A0-4A0D-8641-35335F635298}"
EndProject
Global
	GlobalSection(SolutionConfigurationPlatforms) = preSolution
		Debug|Any CPU = Debug|Any CPU
		Release|Any CPU = Release|Any CPU
	EndGlobalSection
	GlobalSection(ProjectConfigurationPlatforms) = postSolution
		{5240CF7C-24A0-4A0D-8641-35335F635298}.Debug|Any CPU.ActiveCfg = Debug|Any CPU
		{5240CF7C-24A0-4A0D-8641-35335F635298}.Debug|Any CPU.Build.0 = Debug|Any CPU
		{5240CF7C-24A0-4A0D-8641-35335F635298}.Release|Any CPU.ActiveCfg = Release|Any CPU
		{5240CF7C-24A0-4A0D-8641-35335F635298}.Release|Any CPU.Build.0 = Release|Any CPU
	EndGlobalSection
	GlobalSection(SolutionProperties) = preSolution
		HideSolutionNode = FALSE
	EndGlobalSection
	GlobalSection(ExtensibilityGlobals) = postSolution
		SolutionGuid = {76B1E9DB-2977-4BCB-A045-0B67FE6B5217}
	EndGlobalSection
EndGlobal
