
Microsoft Visual Studio Solution File, Format Version 12.00
# Visual Studio 15
VisualStudioVersion = 15.0.27703.2035
MinimumVisualStudioVersion = 10.0.40219.1
Project("{FAE04EC0-301F-11D3-BF4B-00C04F79EFBC}") = "02.Fiap.Web.MVC", "02.Fiap.Web.MVC\02.Fiap.Web.MVC.csproj", "{D96FDCA2-ED61-48C6-B2D8-66FED91847F5}"
EndProject
Global
	GlobalSection(SolutionConfigurationPlatforms) = preSolution
		Debug|Any CPU = Debug|Any CPU
		Release|Any CPU = Release|Any CPU
	EndGlobalSection
	GlobalSection(ProjectConfigurationPlatforms) = postSolution
		{D96FDCA2-ED61-48C6-B2D8-66FED91847F5}.Debug|Any CPU.ActiveCfg = Debug|Any CPU
		{D96FDCA2-ED61-48C6-B2D8-66FED91847F5}.Debug|Any CPU.Build.0 = Debug|Any CPU
		{D96FDCA2-ED61-48C6-B2D8-66FED91847F5}.Release|Any CPU.ActiveCfg = Release|Any CPU
		{D96FDCA2-ED61-48C6-B2D8-66FED91847F5}.Release|Any CPU.Build.0 = Release|Any CPU
	EndGlobalSection
	GlobalSection(SolutionProperties) = preSolution
		HideSolutionNode = FALSE
	EndGlobalSection
	GlobalSection(ExtensibilityGlobals) = postSolution
		SolutionGuid = {E334C395-9F96-4F73-8E1E-81D1341A5E1C}
	EndGlobalSection
EndGlobal
