
Microsoft Visual Studio Solution File, Format Version 12.00
# Visual Studio 15
VisualStudioVersion = 15.0.27703.2035
MinimumVisualStudioVersion = 10.0.40219.1
Project("{FAE04EC0-301F-11D3-BF4B-00C04F79EFBC}") = "Fiap03.Web.MVC", "Fiap03.Web.MVC\Fiap03.Web.MVC.csproj", "{5882CCCE-469D-4BF7-AD07-7EE73C7C4D41}"
EndProject
Global
	GlobalSection(SolutionConfigurationPlatforms) = preSolution
		Debug|Any CPU = Debug|Any CPU
		Release|Any CPU = Release|Any CPU
	EndGlobalSection
	GlobalSection(ProjectConfigurationPlatforms) = postSolution
		{5882CCCE-469D-4BF7-AD07-7EE73C7C4D41}.Debug|Any CPU.ActiveCfg = Debug|Any CPU
		{5882CCCE-469D-4BF7-AD07-7EE73C7C4D41}.Debug|Any CPU.Build.0 = Debug|Any CPU
		{5882CCCE-469D-4BF7-AD07-7EE73C7C4D41}.Release|Any CPU.ActiveCfg = Release|Any CPU
		{5882CCCE-469D-4BF7-AD07-7EE73C7C4D41}.Release|Any CPU.Build.0 = Release|Any CPU
	EndGlobalSection
	GlobalSection(SolutionProperties) = preSolution
		HideSolutionNode = FALSE
	EndGlobalSection
	GlobalSection(ExtensibilityGlobals) = postSolution
		SolutionGuid = {4E68AE89-A28A-4128-A2E9-6E16BDF8FA5D}
	EndGlobalSection
EndGlobal
